
Microsoft Visual Studio Solution File, Format Version 12.00
# Visual Studio Version 17
VisualStudioVersion = 17.0.32112.339
MinimumVisualStudioVersion = 10.0.40219.1
Project("{9A19103F-16F7-4668-BE54-9A1E7A4F7556}") = "Calculator.ConsoleApp", "ConsoleApp1\Calculator.ConsoleApp.csproj", "{AC0A14B7-B360-422D-9F0D-6E51EA4AB323}"
EndProject
Project("{9A19103F-16F7-4668-BE54-9A1E7A4F7556}") = "Calculator.Core", "Calculator.Core\Calculator.Core.csproj", "{CD75F11E-B2BD-478A-8873-0D8C5BF4FA66}"
EndProject
Project("{9A19103F-16F7-4668-BE54-9A1E7A4F7556}") = "Calculator.Common", "Calculator.Common\Calculator.Common.csproj", "{7A563693-2F9A-418B-9FE8-1C0C27821C74}"
EndProject
Project("{9A19103F-16F7-4668-BE54-9A1E7A4F7556}") = "Calculator.BL", "Calculator.BL\Calculator.BL.csproj", "{D4DBFAE7-1DEC-4DAE-89DD-A26370177DF1}"
EndProject
Project("{9A19103F-16F7-4668-BE54-9A1E7A4F7556}") = "Calculator.WebApi", "Calculator.WebApi\Calculator.WebApi.csproj", "{491D539F-F110-4B46-AD6D-EBB693600D8F}"
EndProject
Project("{9A19103F-16F7-4668-BE54-9A1E7A4F7556}") = "Calculator.UI", "Calculator.UI\Calculator.UI.csproj", "{53CCCB57-5153-4FFE-9F67-B14F221C81AA}"
EndProject
Project("{2150E333-8FDC-42A3-9474-1A3956D46DE8}") = "Calculator.TextBasedUI", "Calculator.TextBasedUI", "{DCED6C3B-0018-40CB-B54A-BD588E3D9CD6}"
EndProject
Project("{FAE04EC0-301F-11D3-BF4B-00C04F79EFBC}") = "Calculator.BlazorUI", "Calculator.BlazorUI\Calculator.BlazorUI\Calculator.BlazorUI.csproj", "{CC4B08AD-EDE2-4C4C-8471-053B91E93360}"
EndProject
Project("{FAE04EC0-301F-11D3-BF4B-00C04F79EFBC}") = "Calculator.BlazorUI.Client", "Calculator.BlazorUI\Calculator.BlazorUI.Client\Calculator.BlazorUI.Client.csproj", "{D77C2331-C92A-4225-A835-C2528D04E326}"
EndProject
Global
	GlobalSection(SolutionConfigurationPlatforms) = preSolution
		Debug|Any CPU = Debug|Any CPU
		Release|Any CPU = Release|Any CPU
	EndGlobalSection
	GlobalSection(ProjectConfigurationPlatforms) = postSolution
		{AC0A14B7-B360-422D-9F0D-6E51EA4AB323}.Debug|Any CPU.ActiveCfg = Debug|Any CPU
		{AC0A14B7-B360-422D-9F0D-6E51EA4AB323}.Debug|Any CPU.Build.0 = Debug|Any CPU
		{AC0A14B7-B360-422D-9F0D-6E51EA4AB323}.Release|Any CPU.ActiveCfg = Release|Any CPU
		{AC0A14B7-B360-422D-9F0D-6E51EA4AB323}.Release|Any CPU.Build.0 = Release|Any CPU
		{CD75F11E-B2BD-478A-8873-0D8C5BF4FA66}.Debug|Any CPU.ActiveCfg = Debug|Any CPU
		{CD75F11E-B2BD-478A-8873-0D8C5BF4FA66}.Debug|Any CPU.Build.0 = Debug|Any CPU
		{CD75F11E-B2BD-478A-8873-0D8C5BF4FA66}.Release|Any CPU.ActiveCfg = Release|Any CPU
		{CD75F11E-B2BD-478A-8873-0D8C5BF4FA66}.Release|Any CPU.Build.0 = Release|Any CPU
		{7A563693-2F9A-418B-9FE8-1C0C27821C74}.Debug|Any CPU.ActiveCfg = Debug|Any CPU
		{7A563693-2F9A-418B-9FE8-1C0C27821C74}.Debug|Any CPU.Build.0 = Debug|Any CPU
		{7A563693-2F9A-418B-9FE8-1C0C27821C74}.Release|Any CPU.ActiveCfg = Release|Any CPU
		{7A563693-2F9A-418B-9FE8-1C0C27821C74}.Release|Any CPU.Build.0 = Release|Any CPU
		{D4DBFAE7-1DEC-4DAE-89DD-A26370177DF1}.Debug|Any CPU.ActiveCfg = Debug|Any CPU
		{D4DBFAE7-1DEC-4DAE-89DD-A26370177DF1}.Debug|Any CPU.Build.0 = Debug|Any CPU
		{D4DBFAE7-1DEC-4DAE-89DD-A26370177DF1}.Release|Any CPU.ActiveCfg = Release|Any CPU
		{D4DBFAE7-1DEC-4DAE-89DD-A26370177DF1}.Release|Any CPU.Build.0 = Release|Any CPU
		{491D539F-F110-4B46-AD6D-EBB693600D8F}.Debug|Any CPU.ActiveCfg = Debug|Any CPU
		{491D539F-F110-4B46-AD6D-EBB693600D8F}.Debug|Any CPU.Build.0 = Debug|Any CPU
		{491D539F-F110-4B46-AD6D-EBB693600D8F}.Release|Any CPU.ActiveCfg = Release|Any CPU
		{491D539F-F110-4B46-AD6D-EBB693600D8F}.Release|Any CPU.Build.0 = Release|Any CPU
		{53CCCB57-5153-4FFE-9F67-B14F221C81AA}.Debug|Any CPU.ActiveCfg = Debug|Any CPU
		{53CCCB57-5153-4FFE-9F67-B14F221C81AA}.Debug|Any CPU.Build.0 = Debug|Any CPU
		{53CCCB57-5153-4FFE-9F67-B14F221C81AA}.Release|Any CPU.ActiveCfg = Release|Any CPU
		{53CCCB57-5153-4FFE-9F67-B14F221C81AA}.Release|Any CPU.Build.0 = Release|Any CPU
		{CC4B08AD-EDE2-4C4C-8471-053B91E93360}.Debug|Any CPU.ActiveCfg = Debug|Any CPU
		{CC4B08AD-EDE2-4C4C-8471-053B91E93360}.Debug|Any CPU.Build.0 = Debug|Any CPU
		{CC4B08AD-EDE2-4C4C-8471-053B91E93360}.Release|Any CPU.ActiveCfg = Release|Any CPU
		{CC4B08AD-EDE2-4C4C-8471-053B91E93360}.Release|Any CPU.Build.0 = Release|Any CPU
		{D77C2331-C92A-4225-A835-C2528D04E326}.Debug|Any CPU.ActiveCfg = Debug|Any CPU
		{D77C2331-C92A-4225-A835-C2528D04E326}.Debug|Any CPU.Build.0 = Debug|Any CPU
		{D77C2331-C92A-4225-A835-C2528D04E326}.Release|Any CPU.ActiveCfg = Release|Any CPU
		{D77C2331-C92A-4225-A835-C2528D04E326}.Release|Any CPU.Build.0 = Release|Any CPU
	EndGlobalSection
	GlobalSection(SolutionProperties) = preSolution
		HideSolutionNode = FALSE
	EndGlobalSection
	GlobalSection(NestedProjects) = preSolution
		{AC0A14B7-B360-422D-9F0D-6E51EA4AB323} = {DCED6C3B-0018-40CB-B54A-BD588E3D9CD6}
		{491D539F-F110-4B46-AD6D-EBB693600D8F} = {DCED6C3B-0018-40CB-B54A-BD588E3D9CD6}
		{53CCCB57-5153-4FFE-9F67-B14F221C81AA} = {DCED6C3B-0018-40CB-B54A-BD588E3D9CD6}
	EndGlobalSection
	GlobalSection(ExtensibilityGlobals) = postSolution
		SolutionGuid = {BE85046F-EC42-4C87-9021-DDB829465D95}
	EndGlobalSection
EndGlobal
